
Microsoft Visual Studio Solution File, Format Version 12.00
# Visual Studio Version 17
VisualStudioVersion = 17.4.33213.308
MinimumVisualStudioVersion = 10.0.40219.1
Project("{FAE04EC0-301F-11D3-BF4B-00C04F79EFBC}") = "Final Project", "Final Project\Final Project.csproj", "{B18546CE-E5C2-4920-8DC4-AF2CB2FC43BA}"
EndProject
Global
	GlobalSection(SolutionConfigurationPlatforms) = preSolution
		Debug|Any CPU = Debug|Any CPU
		Release|Any CPU = Release|Any CPU
	EndGlobalSection
	GlobalSection(ProjectConfigurationPlatforms) = postSolution
		{B18546CE-E5C2-4920-8DC4-AF2CB2FC43BA}.Debug|Any CPU.ActiveCfg = Debug|Any CPU
		{B18546CE-E5C2-4920-8DC4-AF2CB2FC43BA}.Debug|Any CPU.Build.0 = Debug|Any CPU
		{B18546CE-E5C2-4920-8DC4-AF2CB2FC43BA}.Release|Any CPU.ActiveCfg = Release|Any CPU
		{B18546CE-E5C2-4920-8DC4-AF2CB2FC43BA}.Release|Any CPU.Build.0 = Release|Any CPU
	EndGlobalSection
	GlobalSection(SolutionProperties) = preSolution
		HideSolutionNode = FALSE
	EndGlobalSection
	GlobalSection(ExtensibilityGlobals) = postSolution
		SolutionGuid = {800C2124-3EA1-45BF-A649-A385BBB665CC}
	EndGlobalSection
EndGlobal
